
Microsoft Visual Studio Solution File, Format Version 12.00
# Visual Studio Version 17
VisualStudioVersion = 17.2.32526.322
MinimumVisualStudioVersion = 10.0.40219.1
Project("{9A19103F-16F7-4668-BE54-9A1E7A4F7556}") = "PracticaAlgoritmos7", "PracticaAlgoritmos7\PracticaAlgoritmos7.csproj", "{97209A93-6F18-4EE6-80E2-D7202F283CAA}"
	ProjectSection(ProjectDependencies) = postProject
		{E69241BC-A297-46A5-AF57-3225D0B66B12} = {E69241BC-A297-46A5-AF57-3225D0B66B12}
	EndProjectSection
EndProject
Project("{9A19103F-16F7-4668-BE54-9A1E7A4F7556}") = "Nito.Collections.Deque", "Deque-master\src\Nito.Collections.Deque\Nito.Collections.Deque.csproj", "{E69241BC-A297-46A5-AF57-3225D0B66B12}"
EndProject
Global
	GlobalSection(SolutionConfigurationPlatforms) = preSolution
		Debug|Any CPU = Debug|Any CPU
		Release|Any CPU = Release|Any CPU
	EndGlobalSection
	GlobalSection(ProjectConfigurationPlatforms) = postSolution
		{97209A93-6F18-4EE6-80E2-D7202F283CAA}.Debug|Any CPU.ActiveCfg = Debug|Any CPU
		{97209A93-6F18-4EE6-80E2-D7202F283CAA}.Debug|Any CPU.Build.0 = Debug|Any CPU
		{97209A93-6F18-4EE6-80E2-D7202F283CAA}.Release|Any CPU.ActiveCfg = Release|Any CPU
		{97209A93-6F18-4EE6-80E2-D7202F283CAA}.Release|Any CPU.Build.0 = Release|Any CPU
		{E69241BC-A297-46A5-AF57-3225D0B66B12}.Debug|Any CPU.ActiveCfg = Debug|Any CPU
		{E69241BC-A297-46A5-AF57-3225D0B66B12}.Debug|Any CPU.Build.0 = Debug|Any CPU
		{E69241BC-A297-46A5-AF57-3225D0B66B12}.Release|Any CPU.ActiveCfg = Release|Any CPU
		{E69241BC-A297-46A5-AF57-3225D0B66B12}.Release|Any CPU.Build.0 = Release|Any CPU
	EndGlobalSection
	GlobalSection(SolutionProperties) = preSolution
		HideSolutionNode = FALSE
	EndGlobalSection
	GlobalSection(ExtensibilityGlobals) = postSolution
		SolutionGuid = {3BB5E759-62C0-4A7E-82E3-5D867AB656C5}
	EndGlobalSection
EndGlobal
